
Microsoft Visual Studio Solution File, Format Version 12.00
# Visual Studio Version 17
VisualStudioVersion = 17.2.32630.192
MinimumVisualStudioVersion = 10.0.40219.1
Project("{FAE04EC0-301F-11D3-BF4B-00C04F79EFBC}") = "ExercicioUm", "ExercicioUm\ExercicioUm.csproj", "{0D9CB46B-BA92-47AB-A169-A97673478268}"
EndProject
Global
	GlobalSection(SolutionConfigurationPlatforms) = preSolution
		Debug|Any CPU = Debug|Any CPU
		Release|Any CPU = Release|Any CPU
	EndGlobalSection
	GlobalSection(ProjectConfigurationPlatforms) = postSolution
		{0D9CB46B-BA92-47AB-A169-A97673478268}.Debug|Any CPU.ActiveCfg = Debug|Any CPU
		{0D9CB46B-BA92-47AB-A169-A97673478268}.Debug|Any CPU.Build.0 = Debug|Any CPU
		{0D9CB46B-BA92-47AB-A169-A97673478268}.Release|Any CPU.ActiveCfg = Release|Any CPU
		{0D9CB46B-BA92-47AB-A169-A97673478268}.Release|Any CPU.Build.0 = Release|Any CPU
	EndGlobalSection
	GlobalSection(SolutionProperties) = preSolution
		HideSolutionNode = FALSE
	EndGlobalSection
	GlobalSection(ExtensibilityGlobals) = postSolution
		SolutionGuid = {3C691A40-499D-4216-A09F-AD547FCF661F}
	EndGlobalSection
EndGlobal
