
Microsoft Visual Studio Solution File, Format Version 12.00
# Visual Studio Version 17
VisualStudioVersion = 17.2.32630.192
MinimumVisualStudioVersion = 10.0.40219.1
Project("{FAE04EC0-301F-11D3-BF4B-00C04F79EFBC}") = "ExercicioOito", "ExercicioOito\ExercicioOito.csproj", "{16349057-1AE3-4067-85BC-894B25B91C01}"
EndProject
Global
	GlobalSection(SolutionConfigurationPlatforms) = preSolution
		Debug|Any CPU = Debug|Any CPU
		Release|Any CPU = Release|Any CPU
	EndGlobalSection
	GlobalSection(ProjectConfigurationPlatforms) = postSolution
		{16349057-1AE3-4067-85BC-894B25B91C01}.Debug|Any CPU.ActiveCfg = Debug|Any CPU
		{16349057-1AE3-4067-85BC-894B25B91C01}.Debug|Any CPU.Build.0 = Debug|Any CPU
		{16349057-1AE3-4067-85BC-894B25B91C01}.Release|Any CPU.ActiveCfg = Release|Any CPU
		{16349057-1AE3-4067-85BC-894B25B91C01}.Release|Any CPU.Build.0 = Release|Any CPU
	EndGlobalSection
	GlobalSection(SolutionProperties) = preSolution
		HideSolutionNode = FALSE
	EndGlobalSection
	GlobalSection(ExtensibilityGlobals) = postSolution
		SolutionGuid = {126B2C07-40DB-4130-BBF1-3CAFBB7E7C24}
	EndGlobalSection
EndGlobal
