
Microsoft Visual Studio Solution File, Format Version 12.00
# Visual Studio Version 17
VisualStudioVersion = 17.2.32630.192
MinimumVisualStudioVersion = 10.0.40219.1
Project("{FAE04EC0-301F-11D3-BF4B-00C04F79EFBC}") = "ExercicioTres", "ExercicioTres\ExercicioTres.csproj", "{7FBB51D4-0C6A-45E4-8F56-7374BDE29AC2}"
EndProject
Global
	GlobalSection(SolutionConfigurationPlatforms) = preSolution
		Debug|Any CPU = Debug|Any CPU
		Release|Any CPU = Release|Any CPU
	EndGlobalSection
	GlobalSection(ProjectConfigurationPlatforms) = postSolution
		{7FBB51D4-0C6A-45E4-8F56-7374BDE29AC2}.Debug|Any CPU.ActiveCfg = Debug|Any CPU
		{7FBB51D4-0C6A-45E4-8F56-7374BDE29AC2}.Debug|Any CPU.Build.0 = Debug|Any CPU
		{7FBB51D4-0C6A-45E4-8F56-7374BDE29AC2}.Release|Any CPU.ActiveCfg = Release|Any CPU
		{7FBB51D4-0C6A-45E4-8F56-7374BDE29AC2}.Release|Any CPU.Build.0 = Release|Any CPU
	EndGlobalSection
	GlobalSection(SolutionProperties) = preSolution
		HideSolutionNode = FALSE
	EndGlobalSection
	GlobalSection(ExtensibilityGlobals) = postSolution
		SolutionGuid = {D2060386-9AB3-4352-B5ED-ECC7AAC39C31}
	EndGlobalSection
EndGlobal
