
Microsoft Visual Studio Solution File, Format Version 12.00
# Visual Studio Version 17
VisualStudioVersion = 17.2.32630.192
MinimumVisualStudioVersion = 10.0.40219.1
Project("{FAE04EC0-301F-11D3-BF4B-00C04F79EFBC}") = "ExercicioDois", "ExercicioDois\ExercicioDois.csproj", "{77A4DEBB-9D76-4A53-972D-F4126E68AA44}"
EndProject
Global
	GlobalSection(SolutionConfigurationPlatforms) = preSolution
		Debug|Any CPU = Debug|Any CPU
		Release|Any CPU = Release|Any CPU
	EndGlobalSection
	GlobalSection(ProjectConfigurationPlatforms) = postSolution
		{77A4DEBB-9D76-4A53-972D-F4126E68AA44}.Debug|Any CPU.ActiveCfg = Debug|Any CPU
		{77A4DEBB-9D76-4A53-972D-F4126E68AA44}.Debug|Any CPU.Build.0 = Debug|Any CPU
		{77A4DEBB-9D76-4A53-972D-F4126E68AA44}.Release|Any CPU.ActiveCfg = Release|Any CPU
		{77A4DEBB-9D76-4A53-972D-F4126E68AA44}.Release|Any CPU.Build.0 = Release|Any CPU
	EndGlobalSection
	GlobalSection(SolutionProperties) = preSolution
		HideSolutionNode = FALSE
	EndGlobalSection
	GlobalSection(ExtensibilityGlobals) = postSolution
		SolutionGuid = {1F67A362-3076-455D-8DB9-203FE28EB54F}
	EndGlobalSection
EndGlobal
