
Microsoft Visual Studio Solution File, Format Version 12.00
# Visual Studio Version 17
VisualStudioVersion = 17.2.32630.192
MinimumVisualStudioVersion = 10.0.40219.1
Project("{FAE04EC0-301F-11D3-BF4B-00C04F79EFBC}") = "ExercicioFixacaoAulaDezoito", "ExercicioFixacaoAulaDezoito\ExercicioFixacaoAulaDezoito.csproj", "{B7112DB4-727B-49EA-A044-28305F15C6FC}"
EndProject
Global
	GlobalSection(SolutionConfigurationPlatforms) = preSolution
		Debug|Any CPU = Debug|Any CPU
		Release|Any CPU = Release|Any CPU
	EndGlobalSection
	GlobalSection(ProjectConfigurationPlatforms) = postSolution
		{B7112DB4-727B-49EA-A044-28305F15C6FC}.Debug|Any CPU.ActiveCfg = Debug|Any CPU
		{B7112DB4-727B-49EA-A044-28305F15C6FC}.Debug|Any CPU.Build.0 = Debug|Any CPU
		{B7112DB4-727B-49EA-A044-28305F15C6FC}.Release|Any CPU.ActiveCfg = Release|Any CPU
		{B7112DB4-727B-49EA-A044-28305F15C6FC}.Release|Any CPU.Build.0 = Release|Any CPU
	EndGlobalSection
	GlobalSection(SolutionProperties) = preSolution
		HideSolutionNode = FALSE
	EndGlobalSection
	GlobalSection(ExtensibilityGlobals) = postSolution
		SolutionGuid = {366E466B-F703-4A0E-9F11-34DF1D337E6B}
	EndGlobalSection
EndGlobal
