
Microsoft Visual Studio Solution File, Format Version 12.00
# Visual Studio Version 17
VisualStudioVersion = 17.2.32630.192
MinimumVisualStudioVersion = 10.0.40219.1
Project("{FAE04EC0-301F-11D3-BF4B-00C04F79EFBC}") = "Exerciciotres", "ExercicioSeis\Exerciciotres.csproj", "{F7A718FC-7712-4A42-84C5-7AC0B1D95E9B}"
EndProject
Global
	GlobalSection(SolutionConfigurationPlatforms) = preSolution
		Debug|Any CPU = Debug|Any CPU
		Release|Any CPU = Release|Any CPU
	EndGlobalSection
	GlobalSection(ProjectConfigurationPlatforms) = postSolution
		{F7A718FC-7712-4A42-84C5-7AC0B1D95E9B}.Debug|Any CPU.ActiveCfg = Debug|Any CPU
		{F7A718FC-7712-4A42-84C5-7AC0B1D95E9B}.Debug|Any CPU.Build.0 = Debug|Any CPU
		{F7A718FC-7712-4A42-84C5-7AC0B1D95E9B}.Release|Any CPU.ActiveCfg = Release|Any CPU
		{F7A718FC-7712-4A42-84C5-7AC0B1D95E9B}.Release|Any CPU.Build.0 = Release|Any CPU
	EndGlobalSection
	GlobalSection(SolutionProperties) = preSolution
		HideSolutionNode = FALSE
	EndGlobalSection
	GlobalSection(ExtensibilityGlobals) = postSolution
		SolutionGuid = {44516DDD-F989-47EA-AA0F-EAE05E6318C8}
	EndGlobalSection
EndGlobal
